
Microsoft Visual Studio Solution File, Format Version 12.00
# Visual Studio Version 17
VisualStudioVersion = 17.0.31717.71
MinimumVisualStudioVersion = 10.0.40219.1
Project("{9A19103F-16F7-4668-BE54-9A1E7A4F7556}") = "MudBlazorIssue", "MudBlazorIssue.csproj", "{BF3BC896-3B23-42C7-AC54-F7CDEF68A032}"
EndProject
Global
	GlobalSection(SolutionConfigurationPlatforms) = preSolution
		Debug|Any CPU = Debug|Any CPU
		Release|Any CPU = Release|Any CPU
	EndGlobalSection
	GlobalSection(ProjectConfigurationPlatforms) = postSolution
		{BF3BC896-3B23-42C7-AC54-F7CDEF68A032}.Debug|Any CPU.ActiveCfg = Debug|Any CPU
		{BF3BC896-3B23-42C7-AC54-F7CDEF68A032}.Debug|Any CPU.Build.0 = Debug|Any CPU
		{BF3BC896-3B23-42C7-AC54-F7CDEF68A032}.Release|Any CPU.ActiveCfg = Release|Any CPU
		{BF3BC896-3B23-42C7-AC54-F7CDEF68A032}.Release|Any CPU.Build.0 = Release|Any CPU
	EndGlobalSection
	GlobalSection(SolutionProperties) = preSolution
		HideSolutionNode = FALSE
	EndGlobalSection
	GlobalSection(ExtensibilityGlobals) = postSolution
		SolutionGuid = {F11E5B12-62F6-4FD1-B57A-D2948132E137}
	EndGlobalSection
EndGlobal